<?xml version="1.0" encoding="utf-8"?>
<Project ToolsVersion="17.0" xmlns="http://schemas.microsoft.com/developer/msbuild/2003">
  <ItemGroup>
    <CustomBuild Include="C:\code\Corvid20\tests\CMakeFiles\c5acb4885cc49bd535bd06734f6084bc\test.rule">
      <Filter>CMake Rules</Filter>
    </CustomBuild>
    <CustomBuild Include="C:\code\Corvid20\tests\CMakeLists.txt" />
  </ItemGroup>
  <ItemGroup>
    <None Include="C:\code\Corvid20\tests\CMakeFiles\test" />
  </ItemGroup>
  <ItemGroup>
    <Filter Include="CMake Rules">
      <UniqueIdentifier>{E8004026-39D8-3A90-9B16-B61D0D6366C1}</UniqueIdentifier>
    </Filter>
  </ItemGroup>
</Project>
